
Microsoft Visual Studio Solution File, Format Version 12.00
Project("{FAE04EC0-301F-11D3-BF4B-00C04F79EFBC}") = "W5_EndTask", "W5_EndTask\W5_EndTask.csproj", "{32B899E8-4690-4B8E-AEA6-AF9DF9AC9495}"
EndProject
Global
	GlobalSection(SolutionConfigurationPlatforms) = preSolution
		Debug|Any CPU = Debug|Any CPU
		Release|Any CPU = Release|Any CPU
	EndGlobalSection
	GlobalSection(ProjectConfigurationPlatforms) = postSolution
		{32B899E8-4690-4B8E-AEA6-AF9DF9AC9495}.Debug|Any CPU.ActiveCfg = Debug|Any CPU
		{32B899E8-4690-4B8E-AEA6-AF9DF9AC9495}.Debug|Any CPU.Build.0 = Debug|Any CPU
		{32B899E8-4690-4B8E-AEA6-AF9DF9AC9495}.Release|Any CPU.ActiveCfg = Release|Any CPU
		{32B899E8-4690-4B8E-AEA6-AF9DF9AC9495}.Release|Any CPU.Build.0 = Release|Any CPU
	EndGlobalSection
EndGlobal
